{
    "_readme": [
        "This file locks the dependencies of your project to a known state",
        "Read more about it at https://getcomposer.org/doc/01-basic-usage.md#composer-lock-the-lock-file",
        "This file is @generated automatically"
    ],
    "content-hash": "3ddb330d97ae357e20d2077342b8af16",
    "packages": [
        {
            "name": "fightbulc/moment",
            "version": "1.26.2",
            "source": {
                "type": "git",
                "url": "https://github.com/fightbulc/moment.php.git",
                "reference": "68f3ddad3feca6d7aae5a333724401355661afbb"
            },
            "dist": {
                "type": "zip",
                "url": "https://api.github.com/repos/fightbulc/moment.php/zipball/68f3ddad3feca6d7aae5a333724401355661afbb",
                "reference": "68f3ddad3feca6d7aae5a333724401355661afbb",
                "shasum": ""
            },
            "require": {
                "php": ">=5.3.0"
            },
            "require-dev": {
                "phpunit/phpunit": "4.2.*"
            },
            "type": "library",
            "autoload": {
                "psr-4": {
                    "Moment\\": "src/"
                }
            },
            "notification-url": "https://packagist.org/downloads/",
            "license": [
                "MIT"
            ],
            "authors": [
                {
                    "name": "Ashish Tilara",
                    "email": "ashish@itcutives.com",
                    "role": "developer"
                },
                {
                    "name": "Jaroslaw Kozak",
                    "email": "jaroslaw.kozak68@gmail.com",
                    "role": "developer"
                },
                {
                    "name": "Tino Ehrich",
                    "email": "tino@bigpun.me",
                    "role": "developer"
                }
            ],
            "description": "Parse, validate, manipulate, and display dates in PHP w/ i18n support. Inspired by moment.js",
            "keywords": [
                "date",
                "display",
                "format",
                "i18n",
                "locale",
                "manipulate",
                "moment",
                "parse",
                "time",
                "translation",
                "validate"
            ],
            "time": "2017-01-19T07:57:28+00:00"
        },
        {
            "name": "interglobalvision/cmb-field-gallery",
            "version": "dev-master",
            "source": {
                "type": "git",
                "url": "https://github.com/interglobalvision/cmb-field-gallery.git",
                "reference": "7bdbf8ad56c6ffcc5fd4c6b55a2d6dd850d02211"
            },
            "dist": {
                "type": "zip",
                "url": "https://api.github.com/repos/interglobalvision/cmb-field-gallery/zipball/7bdbf8ad56c6ffcc5fd4c6b55a2d6dd850d02211",
                "reference": "7bdbf8ad56c6ffcc5fd4c6b55a2d6dd850d02211",
                "shasum": ""
            },
            "require": {
                "php": ">5.2.4",
                "webdevstudios/cmb2": "*"
            },
            "suggest": {
                "composer/installers": "~1.0"
            },
            "type": "wordpress-plugin",
            "license": [
                "GPL-2.0+"
            ],
            "authors": [
                {
                    "name": "mustardBees",
                    "role": "Developer"
                },
                {
                    "name": "Interglobal Vision",
                    "role": "Maintainer"
                }
            ],
            "description": "Gallery field type for CMB2.",
            "homepage": "https://github.com/interglobalvision/cmb-field-gallery",
            "keywords": [
                "metabox",
                "plugin",
                "wordpress"
            ],
            "support": {
                "issues": "https://github.com/mustardBees/cmb-field-gallery/issues",
                "source": "https://github.com/mustardBees/cmb-field-gallery"
            },
            "time": "2017-02-20 23:37:56"
        },
        {
            "name": "webdevstudios/cmb2",
            "version": "v2.2.3.1",
            "source": {
                "type": "git",
                "url": "https://github.com/WebDevStudios/CMB2.git",
                "reference": "17677cf3aa65b0402ca8084b6b1cf37df6260582"
            },
            "dist": {
                "type": "zip",
                "url": "https://api.github.com/repos/WebDevStudios/CMB2/zipball/17677cf3aa65b0402ca8084b6b1cf37df6260582",
                "reference": "17677cf3aa65b0402ca8084b6b1cf37df6260582",
                "shasum": ""
            },
            "require": {
                "php": ">5.2.4"
            },
            "require-dev": {
                "phpunit/phpunit": "3.7.*"
            },
            "suggest": {
                "composer/installers": "~1.0"
            },
            "type": "wordpress-plugin",
            "notification-url": "https://packagist.org/downloads/",
            "license": [
                "GPL-2.0+"
            ],
            "authors": [
                {
                    "name": "WebDevStudios",
                    "email": "contact@webdevstudios.com",
                    "homepage": "https://github.com/WebDevStudios",
                    "role": "Developer"
                }
            ],
            "description": "CMB2 is a metabox, custom fields, and forms library for WordPress that will blow your mind.",
            "homepage": "https://github.com/WebDevStudios/CMB2",
            "keywords": [
                "metabox",
                "plugin",
                "wordpress"
            ],
            "time": "2016-11-08T15:24:55+00:00"
        }
    ],
    "packages-dev": [],
    "aliases": [],
    "minimum-stability": "stable",
    "stability-flags": {
        "interglobalvision/cmb-field-gallery": 20
    },
    "prefer-stable": false,
    "prefer-lowest": false,
    "platform": [],
    "platform-dev": []
}
